
Microsoft Visual Studio Solution File, Format Version 12.00
# Visual Studio Version 17
VisualStudioVersion = 17.8.34309.116
MinimumVisualStudioVersion = 10.0.40219.1
Project("{FAE04EC0-301F-11D3-BF4B-00C04F79EFBC}") = "Config-Share", "Config-Share.csproj", "{FDDE41F0-AF0D-4136-B828-82981CE9BCE8}"
EndProject
Global
	GlobalSection(SolutionConfigurationPlatforms) = preSolution
		Debug|Any CPU = Debug|Any CPU
		Release|Any CPU = Release|Any CPU
	EndGlobalSection
	GlobalSection(ProjectConfigurationPlatforms) = postSolution
		{FDDE41F0-AF0D-4136-B828-82981CE9BCE8}.Debug|Any CPU.ActiveCfg = Debug|Any CPU
		{FDDE41F0-AF0D-4136-B828-82981CE9BCE8}.Debug|Any CPU.Build.0 = Debug|Any CPU
		{FDDE41F0-AF0D-4136-B828-82981CE9BCE8}.Release|Any CPU.ActiveCfg = Release|Any CPU
		{FDDE41F0-AF0D-4136-B828-82981CE9BCE8}.Release|Any CPU.Build.0 = Release|Any CPU
	EndGlobalSection
	GlobalSection(SolutionProperties) = preSolution
		HideSolutionNode = FALSE
	EndGlobalSection
	GlobalSection(ExtensibilityGlobals) = postSolution
		SolutionGuid = {7B3BF725-7302-4AF0-9B1A-CB0AC6FA90FA}
	EndGlobalSection
EndGlobal
